
Microsoft Visual Studio Solution File, Format Version 12.00
# Visual Studio Version 17
VisualStudioVersion = 17.3.32929.385
MinimumVisualStudioVersion = 10.0.40219.1
Project("{FAE04EC0-301F-11D3-BF4B-00C04F79EFBC}") = "THA_W3_Calvin_t", "THA_W3_Calvin_t\THA_W3_Calvin_t.csproj", "{ABB6A9AD-6903-4ECA-A350-D01BBF385ADE}"
EndProject
Global
	GlobalSection(SolutionConfigurationPlatforms) = preSolution
		Debug|Any CPU = Debug|Any CPU
		Release|Any CPU = Release|Any CPU
	EndGlobalSection
	GlobalSection(ProjectConfigurationPlatforms) = postSolution
		{ABB6A9AD-6903-4ECA-A350-D01BBF385ADE}.Debug|Any CPU.ActiveCfg = Debug|Any CPU
		{ABB6A9AD-6903-4ECA-A350-D01BBF385ADE}.Debug|Any CPU.Build.0 = Debug|Any CPU
		{ABB6A9AD-6903-4ECA-A350-D01BBF385ADE}.Release|Any CPU.ActiveCfg = Release|Any CPU
		{ABB6A9AD-6903-4ECA-A350-D01BBF385ADE}.Release|Any CPU.Build.0 = Release|Any CPU
	EndGlobalSection
	GlobalSection(SolutionProperties) = preSolution
		HideSolutionNode = FALSE
	EndGlobalSection
	GlobalSection(ExtensibilityGlobals) = postSolution
		SolutionGuid = {B54FCCB3-90C9-4968-B8BF-FB4AC9943071}
	EndGlobalSection
EndGlobal
